
Microsoft Visual Studio Solution File, Format Version 12.00
# Visual Studio Version 17
VisualStudioVersion = 17.0.32014.148
MinimumVisualStudioVersion = 10.0.40219.1
Project("{FAE04EC0-301F-11D3-BF4B-00C04F79EFBC}") = "ProjetoPedido", "ProjetoPedido\ProjetoPedido.csproj", "{6FCF7732-8A9F-4469-A19F-63C9545962A2}"
EndProject
Global
	GlobalSection(SolutionConfigurationPlatforms) = preSolution
		Debug|Any CPU = Debug|Any CPU
		Release|Any CPU = Release|Any CPU
	EndGlobalSection
	GlobalSection(ProjectConfigurationPlatforms) = postSolution
		{6FCF7732-8A9F-4469-A19F-63C9545962A2}.Debug|Any CPU.ActiveCfg = Debug|Any CPU
		{6FCF7732-8A9F-4469-A19F-63C9545962A2}.Debug|Any CPU.Build.0 = Debug|Any CPU
		{6FCF7732-8A9F-4469-A19F-63C9545962A2}.Release|Any CPU.ActiveCfg = Release|Any CPU
		{6FCF7732-8A9F-4469-A19F-63C9545962A2}.Release|Any CPU.Build.0 = Release|Any CPU
	EndGlobalSection
	GlobalSection(SolutionProperties) = preSolution
		HideSolutionNode = FALSE
	EndGlobalSection
	GlobalSection(ExtensibilityGlobals) = postSolution
		SolutionGuid = {355C4855-3ABE-40A7-8382-14C747005503}
	EndGlobalSection
EndGlobal
